// !$*UTF8*$!
{
	archiveVersion = 1;
	classes = {
	};
	objectVersion = 55;
	objects = {

/* Begin PBXBuildFile section */
		317AAB9E5BA6B35B86917AB3 /* Pods_PictureInPictureDemoTests.framework in Frameworks */ = {isa = PBXBuildFile; fileRef = 96CE5C6398FF1C9218CFC1C8 /* Pods_PictureInPictureDemoTests.framework */; };
		579703A127DB2360000BB94A /* AppDelegate.m in Sources */ = {isa = PBXBuildFile; fileRef = 579703A027DB2360000BB94A /* AppDelegate.m */; };
		579703A427DB2360000BB94A /* SceneDelegate.m in Sources */ = {isa = PBXBuildFile; fileRef = 579703A327DB2360000BB94A /* SceneDelegate.m */; };
		579703A727DB2360000BB94A /* ViewController.m in Sources */ = {isa = PBXBuildFile; fileRef = 579703A627DB2360000BB94A /* ViewController.m */; };
		579703AA27DB2360000BB94A /* Main.storyboard in Resources */ = {isa = PBXBuildFile; fileRef = 579703A827DB2360000BB94A /* Main.storyboard */; };
		579703AC27DB2362000BB94A /* Assets.xcassets in Resources */ = {isa = PBXBuildFile; fileRef = 579703AB27DB2362000BB94A /* Assets.xcassets */; };
		579703AF27DB2362000BB94A /* LaunchScreen.storyboard in Resources */ = {isa = PBXBuildFile; fileRef = 579703AD27DB2362000BB94A /* LaunchScreen.storyboard */; };
		579703B227DB2362000BB94A /* main.m in Sources */ = {isa = PBXBuildFile; fileRef = 579703B127DB2362000BB94A /* main.m */; };
		579703BC27DB2363000BB94A /* PictureInPictureDemoTests.m in Sources */ = {isa = PBXBuildFile; fileRef = 579703BB27DB2363000BB94A /* PictureInPictureDemoTests.m */; };
		579703C627DB2363000BB94A /* PictureInPictureDemoUITests.m in Sources */ = {isa = PBXBuildFile; fileRef = 579703C527DB2363000BB94A /* PictureInPictureDemoUITests.m */; };
		579703C827DB2363000BB94A /* PictureInPictureDemoUITestsLaunchTests.m in Sources */ = {isa = PBXBuildFile; fileRef = 579703C727DB2363000BB94A /* PictureInPictureDemoUITestsLaunchTests.m */; };
		579703D827DB28CB000BB94A /* NSData+FE.m in Sources */ = {isa = PBXBuildFile; fileRef = 579703D727DB28CB000BB94A /* NSData+FE.m */; };
		579703DC27DB392E000BB94A /* PlayViewController.m in Sources */ = {isa = PBXBuildFile; fileRef = 579703DB27DB392E000BB94A /* PlayViewController.m */; };
		579703E027DB394E000BB94A /* SoureModel.m in Sources */ = {isa = PBXBuildFile; fileRef = 579703DF27DB394E000BB94A /* SoureModel.m */; };
		57ACFB8F27DF0A030024A564 /* PipManager.m in Sources */ = {isa = PBXBuildFile; fileRef = 57ACFB8E27DF0A030024A564 /* PipManager.m */; };
		57ACFB9227DF25090024A564 /* WebServerManager.m in Sources */ = {isa = PBXBuildFile; fileRef = 57ACFB9127DF25090024A564 /* WebServerManager.m */; };
		57ACFB9527DF29230024A564 /* KeepAwakManager.m in Sources */ = {isa = PBXBuildFile; fileRef = 57ACFB9427DF29230024A564 /* KeepAwakManager.m */; };
		57ACFB9727DF2A5E0024A564 /* PIPSilence.wav in Resources */ = {isa = PBXBuildFile; fileRef = 57ACFB9627DF2A5E0024A564 /* PIPSilence.wav */; };
		5DA2687C03EAA2C347B2BC7D /* Pods_PictureInPictureDemo.framework in Frameworks */ = {isa = PBXBuildFile; fileRef = A7B6266A4B70B16B844D0BE3 /* Pods_PictureInPictureDemo.framework */; };
		600B5700713FD362F1C72203 /* Pods_PictureInPictureDemo_PictureInPictureDemoUITests.framework in Frameworks */ = {isa = PBXBuildFile; fileRef = 40E1E8E3D26F744A2E14B9CB /* Pods_PictureInPictureDemo_PictureInPictureDemoUITests.framework */; };
/* End PBXBuildFile section */

/* Begin PBXContainerItemProxy section */
		579703B827DB2363000BB94A /* PBXContainerItemProxy */ = {
			isa = PBXContainerItemProxy;
			containerPortal = 5797039427DB2360000BB94A /* Project object */;
			proxyType = 1;
			remoteGlobalIDString = 5797039B27DB2360000BB94A;
			remoteInfo = PictureInPictureDemo;
		};
		579703C227DB2363000BB94A /* PBXContainerItemProxy */ = {
			isa = PBXContainerItemProxy;
			containerPortal = 5797039427DB2360000BB94A /* Project object */;
			proxyType = 1;
			remoteGlobalIDString = 5797039B27DB2360000BB94A;
			remoteInfo = PictureInPictureDemo;
		};
/* End PBXContainerItemProxy section */

/* Begin PBXFileReference section */
		32AF52C43567A0CA5E042AE2 /* Pods-PictureInPictureDemo-PictureInPictureDemoUITests.release.xcconfig */ = {isa = PBXFileReference; includeInIndex = 1; lastKnownFileType = text.xcconfig; name = "Pods-PictureInPictureDemo-PictureInPictureDemoUITests.release.xcconfig"; path = "Target Support Files/Pods-PictureInPictureDemo-PictureInPictureDemoUITests/Pods-PictureInPictureDemo-PictureInPictureDemoUITests.release.xcconfig"; sourceTree = "<group>"; };
		3B902D7892B73A72A0C08087 /* Pods-PictureInPictureDemo.debug.xcconfig */ = {isa = PBXFileReference; includeInIndex = 1; lastKnownFileType = text.xcconfig; name = "Pods-PictureInPictureDemo.debug.xcconfig"; path = "Target Support Files/Pods-PictureInPictureDemo/Pods-PictureInPictureDemo.debug.xcconfig"; sourceTree = "<group>"; };
		40E1E8E3D26F744A2E14B9CB /* Pods_PictureInPictureDemo_PictureInPictureDemoUITests.framework */ = {isa = PBXFileReference; explicitFileType = wrapper.framework; includeInIndex = 0; path = Pods_PictureInPictureDemo_PictureInPictureDemoUITests.framework; sourceTree = BUILT_PRODUCTS_DIR; };
		5797039C27DB2360000BB94A /* PictureInPictureDemo.app */ = {isa = PBXFileReference; explicitFileType = wrapper.application; includeInIndex = 0; path = PictureInPictureDemo.app; sourceTree = BUILT_PRODUCTS_DIR; };
		5797039F27DB2360000BB94A /* AppDelegate.h */ = {isa = PBXFileReference; lastKnownFileType = sourcecode.c.h; path = AppDelegate.h; sourceTree = "<group>"; };
		579703A027DB2360000BB94A /* AppDelegate.m */ = {isa = PBXFileReference; lastKnownFileType = sourcecode.c.objc; path = AppDelegate.m; sourceTree = "<group>"; };
		579703A227DB2360000BB94A /* SceneDelegate.h */ = {isa = PBXFileReference; lastKnownFileType = sourcecode.c.h; path = SceneDelegate.h; sourceTree = "<group>"; };
		579703A327DB2360000BB94A /* SceneDelegate.m */ = {isa = PBXFileReference; lastKnownFileType = sourcecode.c.objc; path = SceneDelegate.m; sourceTree = "<group>"; };
		579703A527DB2360000BB94A /* ViewController.h */ = {isa = PBXFileReference; lastKnownFileType = sourcecode.c.h; path = ViewController.h; sourceTree = "<group>"; };
		579703A627DB2360000BB94A /* ViewController.m */ = {isa = PBXFileReference; lastKnownFileType = sourcecode.c.objc; path = ViewController.m; sourceTree = "<group>"; };
		579703A927DB2360000BB94A /* Base */ = {isa = PBXFileReference; lastKnownFileType = file.storyboard; name = Base; path = Base.lproj/Main.storyboard; sourceTree = "<group>"; };
		579703AB27DB2362000BB94A /* Assets.xcassets */ = {isa = PBXFileReference; lastKnownFileType = folder.assetcatalog; path = Assets.xcassets; sourceTree = "<group>"; };
		579703AE27DB2362000BB94A /* Base */ = {isa = PBXFileReference; lastKnownFileType = file.storyboard; name = Base; path = Base.lproj/LaunchScreen.storyboard; sourceTree = "<group>"; };
		579703B027DB2362000BB94A /* Info.plist */ = {isa = PBXFileReference; lastKnownFileType = text.plist.xml; path = Info.plist; sourceTree = "<group>"; };
		579703B127DB2362000BB94A /* main.m */ = {isa = PBXFileReference; lastKnownFileType = sourcecode.c.objc; path = main.m; sourceTree = "<group>"; };
		579703B727DB2363000BB94A /* PictureInPictureDemoTests.xctest */ = {isa = PBXFileReference; explicitFileType = wrapper.cfbundle; includeInIndex = 0; path = PictureInPictureDemoTests.xctest; sourceTree = BUILT_PRODUCTS_DIR; };
		579703BB27DB2363000BB94A /* PictureInPictureDemoTests.m */ = {isa = PBXFileReference; lastKnownFileType = sourcecode.c.objc; path = PictureInPictureDemoTests.m; sourceTree = "<group>"; };
		579703C127DB2363000BB94A /* PictureInPictureDemoUITests.xctest */ = {isa = PBXFileReference; explicitFileType = wrapper.cfbundle; includeInIndex = 0; path = PictureInPictureDemoUITests.xctest; sourceTree = BUILT_PRODUCTS_DIR; };
		579703C527DB2363000BB94A /* PictureInPictureDemoUITests.m */ = {isa = PBXFileReference; lastKnownFileType = sourcecode.c.objc; path = PictureInPictureDemoUITests.m; sourceTree = "<group>"; };
		579703C727DB2363000BB94A /* PictureInPictureDemoUITestsLaunchTests.m */ = {isa = PBXFileReference; lastKnownFileType = sourcecode.c.objc; path = PictureInPictureDemoUITestsLaunchTests.m; sourceTree = "<group>"; };
		579703D527DB28CB000BB94A /* AESKeyHeader.h */ = {isa = PBXFileReference; fileEncoding = 4; lastKnownFileType = sourcecode.c.h; path = AESKeyHeader.h; sourceTree = "<group>"; };
		579703D627DB28CB000BB94A /* NSData+FE.h */ = {isa = PBXFileReference; fileEncoding = 4; lastKnownFileType = sourcecode.c.h; path = "NSData+FE.h"; sourceTree = "<group>"; };
		579703D727DB28CB000BB94A /* NSData+FE.m */ = {isa = PBXFileReference; fileEncoding = 4; lastKnownFileType = sourcecode.c.objc; path = "NSData+FE.m"; sourceTree = "<group>"; };
		579703DA27DB392E000BB94A /* PlayViewController.h */ = {isa = PBXFileReference; lastKnownFileType = sourcecode.c.h; path = PlayViewController.h; sourceTree = "<group>"; };
		579703DB27DB392E000BB94A /* PlayViewController.m */ = {isa = PBXFileReference; lastKnownFileType = sourcecode.c.objc; path = PlayViewController.m; sourceTree = "<group>"; };
		579703DE27DB394E000BB94A /* SoureModel.h */ = {isa = PBXFileReference; lastKnownFileType = sourcecode.c.h; path = SoureModel.h; sourceTree = "<group>"; };
		579703DF27DB394E000BB94A /* SoureModel.m */ = {isa = PBXFileReference; lastKnownFileType = sourcecode.c.objc; path = SoureModel.m; sourceTree = "<group>"; };
		57ACFB8D27DF0A030024A564 /* PipManager.h */ = {isa = PBXFileReference; lastKnownFileType = sourcecode.c.h; path = PipManager.h; sourceTree = "<group>"; };
		57ACFB8E27DF0A030024A564 /* PipManager.m */ = {isa = PBXFileReference; lastKnownFileType = sourcecode.c.objc; path = PipManager.m; sourceTree = "<group>"; };
		57ACFB9027DF25090024A564 /* WebServerManager.h */ = {isa = PBXFileReference; lastKnownFileType = sourcecode.c.h; path = WebServerManager.h; sourceTree = "<group>"; };
		57ACFB9127DF25090024A564 /* WebServerManager.m */ = {isa = PBXFileReference; lastKnownFileType = sourcecode.c.objc; path = WebServerManager.m; sourceTree = "<group>"; };
		57ACFB9327DF29230024A564 /* KeepAwakManager.h */ = {isa = PBXFileReference; lastKnownFileType = sourcecode.c.h; path = KeepAwakManager.h; sourceTree = "<group>"; };
		57ACFB9427DF29230024A564 /* KeepAwakManager.m */ = {isa = PBXFileReference; lastKnownFileType = sourcecode.c.objc; path = KeepAwakManager.m; sourceTree = "<group>"; };
		57ACFB9627DF2A5E0024A564 /* PIPSilence.wav */ = {isa = PBXFileReference; lastKnownFileType = audio.wav; path = PIPSilence.wav; sourceTree = "<group>"; };
		6719C650219BB04145D1A72B /* Pods-PictureInPictureDemo-PictureInPictureDemoUITests.debug.xcconfig */ = {isa = PBXFileReference; includeInIndex = 1; lastKnownFileType = text.xcconfig; name = "Pods-PictureInPictureDemo-PictureInPictureDemoUITests.debug.xcconfig"; path = "Target Support Files/Pods-PictureInPictureDemo-PictureInPictureDemoUITests/Pods-PictureInPictureDemo-PictureInPictureDemoUITests.debug.xcconfig"; sourceTree = "<group>"; };
		7925E271D27CE401F022FD90 /* Pods-PictureInPictureDemoTests.release.xcconfig */ = {isa = PBXFileReference; includeInIndex = 1; lastKnownFileType = text.xcconfig; name = "Pods-PictureInPictureDemoTests.release.xcconfig"; path = "Target Support Files/Pods-PictureInPictureDemoTests/Pods-PictureInPictureDemoTests.release.xcconfig"; sourceTree = "<group>"; };
		8964CD442D5D4DDB7D96CF57 /* Pods-PictureInPictureDemo.release.xcconfig */ = {isa = PBXFileReference; includeInIndex = 1; lastKnownFileType = text.xcconfig; name = "Pods-PictureInPictureDemo.release.xcconfig"; path = "Target Support Files/Pods-PictureInPictureDemo/Pods-PictureInPictureDemo.release.xcconfig"; sourceTree = "<group>"; };
		96CE5C6398FF1C9218CFC1C8 /* Pods_PictureInPictureDemoTests.framework */ = {isa = PBXFileReference; explicitFileType = wrapper.framework; includeInIndex = 0; path = Pods_PictureInPictureDemoTests.framework; sourceTree = BUILT_PRODUCTS_DIR; };
		A7B6266A4B70B16B844D0BE3 /* Pods_PictureInPictureDemo.framework */ = {isa = PBXFileReference; explicitFileType = wrapper.framework; includeInIndex = 0; path = Pods_PictureInPictureDemo.framework; sourceTree = BUILT_PRODUCTS_DIR; };
		CD8EEEE139851C9885DE71A2 /* Pods-PictureInPictureDemoTests.debug.xcconfig */ = {isa = PBXFileReference; includeInIndex = 1; lastKnownFileType = text.xcconfig; name = "Pods-PictureInPictureDemoTests.debug.xcconfig"; path = "Target Support Files/Pods-PictureInPictureDemoTests/Pods-PictureInPictureDemoTests.debug.xcconfig"; sourceTree = "<group>"; };
/* End PBXFileReference section */

/* Begin PBXFrameworksBuildPhase section */
		5797039927DB2360000BB94A /* Frameworks */ = {
			isa = PBXFrameworksBuildPhase;
			buildActionMask = 2147483647;
			files = (
				5DA2687C03EAA2C347B2BC7D /* Pods_PictureInPictureDemo.framework in Frameworks */,
			);
			runOnlyForDeploymentPostprocessing = 0;
		};
		579703B427DB2363000BB94A /* Frameworks */ = {
			isa = PBXFrameworksBuildPhase;
			buildActionMask = 2147483647;
			files = (
				317AAB9E5BA6B35B86917AB3 /* Pods_PictureInPictureDemoTests.framework in Frameworks */,
			);
			runOnlyForDeploymentPostprocessing = 0;
		};
		579703BE27DB2363000BB94A /* Frameworks */ = {
			isa = PBXFrameworksBuildPhase;
			buildActionMask = 2147483647;
			files = (
				600B5700713FD362F1C72203 /* Pods_PictureInPictureDemo_PictureInPictureDemoUITests.framework in Frameworks */,
			);
			runOnlyForDeploymentPostprocessing = 0;
		};
/* End PBXFrameworksBuildPhase section */

/* Begin PBXGroup section */
		5797039327DB2360000BB94A = {
			isa = PBXGroup;
			children = (
				5797039E27DB2360000BB94A /* PictureInPictureDemo */,
				579703BA27DB2363000BB94A /* PictureInPictureDemoTests */,
				579703C427DB2363000BB94A /* PictureInPictureDemoUITests */,
				5797039D27DB2360000BB94A /* Products */,
				7D8D777610B6263FB2268765 /* Pods */,
				D185094FD4EBC67E8FF60114 /* Frameworks */,
			);
			sourceTree = "<group>";
		};
		5797039D27DB2360000BB94A /* Products */ = {
			isa = PBXGroup;
			children = (
				5797039C27DB2360000BB94A /* PictureInPictureDemo.app */,
				579703B727DB2363000BB94A /* PictureInPictureDemoTests.xctest */,
				579703C127DB2363000BB94A /* PictureInPictureDemoUITests.xctest */,
			);
			name = Products;
			sourceTree = "<group>";
		};
		5797039E27DB2360000BB94A /* PictureInPictureDemo */ = {
			isa = PBXGroup;
			children = (
				579703DD27DB393B000BB94A /* Model */,
				579703D927DB38F2000BB94A /* controller */,
				579703D427DB28CB000BB94A /* Util */,
				5797039F27DB2360000BB94A /* AppDelegate.h */,
				579703A027DB2360000BB94A /* AppDelegate.m */,
				579703A227DB2360000BB94A /* SceneDelegate.h */,
				579703A327DB2360000BB94A /* SceneDelegate.m */,
				579703A827DB2360000BB94A /* Main.storyboard */,
				579703AB27DB2362000BB94A /* Assets.xcassets */,
				579703AD27DB2362000BB94A /* LaunchScreen.storyboard */,
				579703B027DB2362000BB94A /* Info.plist */,
				579703B127DB2362000BB94A /* main.m */,
			);
			path = PictureInPictureDemo;
			sourceTree = "<group>";
		};
		579703BA27DB2363000BB94A /* PictureInPictureDemoTests */ = {
			isa = PBXGroup;
			children = (
				579703BB27DB2363000BB94A /* PictureInPictureDemoTests.m */,
			);
			path = PictureInPictureDemoTests;
			sourceTree = "<group>";
		};
		579703C427DB2363000BB94A /* PictureInPictureDemoUITests */ = {
			isa = PBXGroup;
			children = (
				579703C527DB2363000BB94A /* PictureInPictureDemoUITests.m */,
				579703C727DB2363000BB94A /* PictureInPictureDemoUITestsLaunchTests.m */,
			);
			path = PictureInPictureDemoUITests;
			sourceTree = "<group>";
		};
		579703D427DB28CB000BB94A /* Util */ = {
			isa = PBXGroup;
			children = (
				579703D527DB28CB000BB94A /* AESKeyHeader.h */,
				579703D627DB28CB000BB94A /* NSData+FE.h */,
				579703D727DB28CB000BB94A /* NSData+FE.m */,
				57ACFB9327DF29230024A564 /* KeepAwakManager.h */,
				57ACFB9427DF29230024A564 /* KeepAwakManager.m */,
				57ACFB9627DF2A5E0024A564 /* PIPSilence.wav */,
				57ACFB8D27DF0A030024A564 /* PipManager.h */,
				57ACFB8E27DF0A030024A564 /* PipManager.m */,
				57ACFB9027DF25090024A564 /* WebServerManager.h */,
				57ACFB9127DF25090024A564 /* WebServerManager.m */,
			);
			path = Util;
			sourceTree = "<group>";
		};
		579703D927DB38F2000BB94A /* controller */ = {
			isa = PBXGroup;
			children = (
				579703A527DB2360000BB94A /* ViewController.h */,
				579703A627DB2360000BB94A /* ViewController.m */,
				579703DA27DB392E000BB94A /* PlayViewController.h */,
				579703DB27DB392E000BB94A /* PlayViewController.m */,
			);
			path = controller;
			sourceTree = "<group>";
		};
		579703DD27DB393B000BB94A /* Model */ = {
			isa = PBXGroup;
			children = (
				579703DE27DB394E000BB94A /* SoureModel.h */,
				579703DF27DB394E000BB94A /* SoureModel.m */,
			);
			path = Model;
			sourceTree = "<group>";
		};
		7D8D777610B6263FB2268765 /* Pods */ = {
			isa = PBXGroup;
			children = (
				3B902D7892B73A72A0C08087 /* Pods-PictureInPictureDemo.debug.xcconfig */,
				8964CD442D5D4DDB7D96CF57 /* Pods-PictureInPictureDemo.release.xcconfig */,
				6719C650219BB04145D1A72B /* Pods-PictureInPictureDemo-PictureInPictureDemoUITests.debug.xcconfig */,
				32AF52C43567A0CA5E042AE2 /* Pods-PictureInPictureDemo-PictureInPictureDemoUITests.release.xcconfig */,
				CD8EEEE139851C9885DE71A2 /* Pods-PictureInPictureDemoTests.debug.xcconfig */,
				7925E271D27CE401F022FD90 /* Pods-PictureInPictureDemoTests.release.xcconfig */,
			);
			path = Pods;
			sourceTree = "<group>";
		};
		D185094FD4EBC67E8FF60114 /* Frameworks */ = {
			isa = PBXGroup;
			children = (
				A7B6266A4B70B16B844D0BE3 /* Pods_PictureInPictureDemo.framework */,
				40E1E8E3D26F744A2E14B9CB /* Pods_PictureInPictureDemo_PictureInPictureDemoUITests.framework */,
				96CE5C6398FF1C9218CFC1C8 /* Pods_PictureInPictureDemoTests.framework */,
			);
			name = Frameworks;
			sourceTree = "<group>";
		};
/* End PBXGroup section */

/* Begin PBXNativeTarget section */
		5797039B27DB2360000BB94A /* PictureInPictureDemo */ = {
			isa = PBXNativeTarget;
			buildConfigurationList = 579703CB27DB2363000BB94A /* Build configuration list for PBXNativeTarget "PictureInPictureDemo" */;
			buildPhases = (
				D2EB8CD030F3B9EF98AF813A /* [CP] Check Pods Manifest.lock */,
				5797039827DB2360000BB94A /* Sources */,
				5797039927DB2360000BB94A /* Frameworks */,
				5797039A27DB2360000BB94A /* Resources */,
				0EADED0662643E9175816F65 /* [CP] Embed Pods Frameworks */,
				E44539E8006654837E05C6E8 /* [CP] Copy Pods Resources */,
			);
			buildRules = (
			);
			dependencies = (
			);
			name = PictureInPictureDemo;
			productName = PictureInPictureDemo;
			productReference = 5797039C27DB2360000BB94A /* PictureInPictureDemo.app */;
			productType = "com.apple.product-type.application";
		};
		579703B627DB2363000BB94A /* PictureInPictureDemoTests */ = {
			isa = PBXNativeTarget;
			buildConfigurationList = 579703CE27DB2363000BB94A /* Build configuration list for PBXNativeTarget "PictureInPictureDemoTests" */;
			buildPhases = (
				76057626AD5A7780FC7CE15D /* [CP] Check Pods Manifest.lock */,
				579703B327DB2363000BB94A /* Sources */,
				579703B427DB2363000BB94A /* Frameworks */,
				579703B527DB2363000BB94A /* Resources */,
			);
			buildRules = (
			);
			dependencies = (
				579703B927DB2363000BB94A /* PBXTargetDependency */,
			);
			name = PictureInPictureDemoTests;
			productName = PictureInPictureDemoTests;
			productReference = 579703B727DB2363000BB94A /* PictureInPictureDemoTests.xctest */;
			productType = "com.apple.product-type.bundle.unit-test";
		};
		579703C027DB2363000BB94A /* PictureInPictureDemoUITests */ = {
			isa = PBXNativeTarget;
			buildConfigurationList = 579703D127DB2363000BB94A /* Build configuration list for PBXNativeTarget "PictureInPictureDemoUITests" */;
			buildPhases = (
				78289761519AABB1E1035FE2 /* [CP] Check Pods Manifest.lock */,
				579703BD27DB2363000BB94A /* Sources */,
				579703BE27DB2363000BB94A /* Frameworks */,
				579703BF27DB2363000BB94A /* Resources */,
				7181F7D0951E2D8D1D8C41B1 /* [CP] Embed Pods Frameworks */,
				E04FB94C50812BAAAAF69122 /* [CP] Copy Pods Resources */,
			);
			buildRules = (
			);
			dependencies = (
				579703C327DB2363000BB94A /* PBXTargetDependency */,
			);
			name = PictureInPictureDemoUITests;
			productName = PictureInPictureDemoUITests;
			productReference = 579703C127DB2363000BB94A /* PictureInPictureDemoUITests.xctest */;
			productType = "com.apple.product-type.bundle.ui-testing";
		};
/* End PBXNativeTarget section */

/* Begin PBXProject section */
		5797039427DB2360000BB94A /* Project object */ = {
			isa = PBXProject;
			attributes = {
				BuildIndependentTargetsInParallel = 1;
				LastUpgradeCheck = 1320;
				TargetAttributes = {
					5797039B27DB2360000BB94A = {
						CreatedOnToolsVersion = 13.2.1;
					};
					579703B627DB2363000BB94A = {
						CreatedOnToolsVersion = 13.2.1;
						TestTargetID = 5797039B27DB2360000BB94A;
					};
					579703C027DB2363000BB94A = {
						CreatedOnToolsVersion = 13.2.1;
						TestTargetID = 5797039B27DB2360000BB94A;
					};
				};
			};
			buildConfigurationList = 5797039727DB2360000BB94A /* Build configuration list for PBXProject "PictureInPictureDemo" */;
			compatibilityVersion = "Xcode 13.0";
			developmentRegion = en;
			hasScannedForEncodings = 0;
			knownRegions = (
				en,
				Base,
			);
			mainGroup = 5797039327DB2360000BB94A;
			productRefGroup = 5797039D27DB2360000BB94A /* Products */;
			projectDirPath = "";
			projectRoot = "";
			targets = (
				5797039B27DB2360000BB94A /* PictureInPictureDemo */,
				579703B627DB2363000BB94A /* PictureInPictureDemoTests */,
				579703C027DB2363000BB94A /* PictureInPictureDemoUITests */,
			);
		};
/* End PBXProject section */

/* Begin PBXResourcesBuildPhase section */
		5797039A27DB2360000BB94A /* Resources */ = {
			isa = PBXResourcesBuildPhase;
			buildActionMask = 2147483647;
			files = (
				579703AF27DB2362000BB94A /* LaunchScreen.storyboard in Resources */,
				579703AC27DB2362000BB94A /* Assets.xcassets in Resources */,
				57ACFB9727DF2A5E0024A564 /* PIPSilence.wav in Resources */,
				579703AA27DB2360000BB94A /* Main.storyboard in Resources */,
			);
			runOnlyForDeploymentPostprocessing = 0;
		};
		579703B527DB2363000BB94A /* Resources */ = {
			isa = PBXResourcesBuildPhase;
			buildActionMask = 2147483647;
			files = (
			);
			runOnlyForDeploymentPostprocessing = 0;
		};
		579703BF27DB2363000BB94A /* Resources */ = {
			isa = PBXResourcesBuildPhase;
			buildActionMask = 2147483647;
			files = (
			);
			runOnlyForDeploymentPostprocessing = 0;
		};
/* End PBXResourcesBuildPhase section */

/* Begin PBXShellScriptBuildPhase section */
		0EADED0662643E9175816F65 /* [CP] Embed Pods Frameworks */ = {
			isa = PBXShellScriptBuildPhase;
			buildActionMask = 2147483647;
			files = (
			);
			inputFileListPaths = (
				"${PODS_ROOT}/Target Support Files/Pods-PictureInPictureDemo/Pods-PictureInPictureDemo-frameworks-${CONFIGURATION}-input-files.xcfilelist",
			);
			name = "[CP] Embed Pods Frameworks";
			outputFileListPaths = (
				"${PODS_ROOT}/Target Support Files/Pods-PictureInPictureDemo/Pods-PictureInPictureDemo-frameworks-${CONFIGURATION}-output-files.xcfilelist",
			);
			runOnlyForDeploymentPostprocessing = 0;
			shellPath = /bin/sh;
			shellScript = "\"${PODS_ROOT}/Target Support Files/Pods-PictureInPictureDemo/Pods-PictureInPictureDemo-frameworks.sh\"\n";
			showEnvVarsInLog = 0;
		};
		7181F7D0951E2D8D1D8C41B1 /* [CP] Embed Pods Frameworks */ = {
			isa = PBXShellScriptBuildPhase;
			buildActionMask = 2147483647;
			files = (
			);
			inputFileListPaths = (
				"${PODS_ROOT}/Target Support Files/Pods-PictureInPictureDemo-PictureInPictureDemoUITests/Pods-PictureInPictureDemo-PictureInPictureDemoUITests-frameworks-${CONFIGURATION}-input-files.xcfilelist",
			);
			name = "[CP] Embed Pods Frameworks";
			outputFileListPaths = (
				"${PODS_ROOT}/Target Support Files/Pods-PictureInPictureDemo-PictureInPictureDemoUITests/Pods-PictureInPictureDemo-PictureInPictureDemoUITests-frameworks-${CONFIGURATION}-output-files.xcfilelist",
			);
			runOnlyForDeploymentPostprocessing = 0;
			shellPath = /bin/sh;
			shellScript = "\"${PODS_ROOT}/Target Support Files/Pods-PictureInPictureDemo-PictureInPictureDemoUITests/Pods-PictureInPictureDemo-PictureInPictureDemoUITests-frameworks.sh\"\n";
			showEnvVarsInLog = 0;
		};
		76057626AD5A7780FC7CE15D /* [CP] Check Pods Manifest.lock */ = {
			isa = PBXShellScriptBuildPhase;
			buildActionMask = 2147483647;
			files = (
			);
			inputFileListPaths = (
			);
			inputPaths = (
				"${PODS_PODFILE_DIR_PATH}/Podfile.lock",
				"${PODS_ROOT}/Manifest.lock",
			);
			name = "[CP] Check Pods Manifest.lock";
			outputFileListPaths = (
			);
			outputPaths = (
				"$(DERIVED_FILE_DIR)/Pods-PictureInPictureDemoTests-checkManifestLockResult.txt",
			);
			runOnlyForDeploymentPostprocessing = 0;
			shellPath = /bin/sh;
			shellScript = "diff \"${PODS_PODFILE_DIR_PATH}/Podfile.lock\" \"${PODS_ROOT}/Manifest.lock\" > /dev/null\nif [ $? != 0 ] ; then\n    # print error to STDERR\n    echo \"error: The sandbox is not in sync with the Podfile.lock. Run 'pod install' or update your CocoaPods installation.\" >&2\n    exit 1\nfi\n# This output is used by Xcode 'outputs' to avoid re-running this script phase.\necho \"SUCCESS\" > \"${SCRIPT_OUTPUT_FILE_0}\"\n";
			showEnvVarsInLog = 0;
		};
		78289761519AABB1E1035FE2 /* [CP] Check Pods Manifest.lock */ = {
			isa = PBXShellScriptBuildPhase;
			buildActionMask = 2147483647;
			files = (
			);
			inputFileListPaths = (
			);
			inputPaths = (
				"${PODS_PODFILE_DIR_PATH}/Podfile.lock",
				"${PODS_ROOT}/Manifest.lock",
			);
			name = "[CP] Check Pods Manifest.lock";
			outputFileListPaths = (
			);
			outputPaths = (
				"$(DERIVED_FILE_DIR)/Pods-PictureInPictureDemo-PictureInPictureDemoUITests-checkManifestLockResult.txt",
			);
			runOnlyForDeploymentPostprocessing = 0;
			shellPath = /bin/sh;
			shellScript = "diff \"${PODS_PODFILE_DIR_PATH}/Podfile.lock\" \"${PODS_ROOT}/Manifest.lock\" > /dev/null\nif [ $? != 0 ] ; then\n    # print error to STDERR\n    echo \"error: The sandbox is not in sync with the Podfile.lock. Run 'pod install' or update your CocoaPods installation.\" >&2\n    exit 1\nfi\n# This output is used by Xcode 'outputs' to avoid re-running this script phase.\necho \"SUCCESS\" > \"${SCRIPT_OUTPUT_FILE_0}\"\n";
			showEnvVarsInLog = 0;
		};
		D2EB8CD030F3B9EF98AF813A /* [CP] Check Pods Manifest.lock */ = {
			isa = PBXShellScriptBuildPhase;
			buildActionMask = 2147483647;
			files = (
			);
			inputFileListPaths = (
			);
			inputPaths = (
				"${PODS_PODFILE_DIR_PATH}/Podfile.lock",
				"${PODS_ROOT}/Manifest.lock",
			);
			name = "[CP] Check Pods Manifest.lock";
			outputFileListPaths = (
			);
			outputPaths = (
				"$(DERIVED_FILE_DIR)/Pods-PictureInPictureDemo-checkManifestLockResult.txt",
			);
			runOnlyForDeploymentPostprocessing = 0;
			shellPath = /bin/sh;
			shellScript = "diff \"${PODS_PODFILE_DIR_PATH}/Podfile.lock\" \"${PODS_ROOT}/Manifest.lock\" > /dev/null\nif [ $? != 0 ] ; then\n    # print error to STDERR\n    echo \"error: The sandbox is not in sync with the Podfile.lock. Run 'pod install' or update your CocoaPods installation.\" >&2\n    exit 1\nfi\n# This output is used by Xcode 'outputs' to avoid re-running this script phase.\necho \"SUCCESS\" > \"${SCRIPT_OUTPUT_FILE_0}\"\n";
			showEnvVarsInLog = 0;
		};
		E04FB94C50812BAAAAF69122 /* [CP] Copy Pods Resources */ = {
			isa = PBXShellScriptBuildPhase;
			buildActionMask = 2147483647;
			files = (
			);
			inputFileListPaths = (
				"${PODS_ROOT}/Target Support Files/Pods-PictureInPictureDemo-PictureInPictureDemoUITests/Pods-PictureInPictureDemo-PictureInPictureDemoUITests-resources-${CONFIGURATION}-input-files.xcfilelist",
			);
			name = "[CP] Copy Pods Resources";
			outputFileListPaths = (
				"${PODS_ROOT}/Target Support Files/Pods-PictureInPictureDemo-PictureInPictureDemoUITests/Pods-PictureInPictureDemo-PictureInPictureDemoUITests-resources-${CONFIGURATION}-output-files.xcfilelist",
			);
			runOnlyForDeploymentPostprocessing = 0;
			shellPath = /bin/sh;
			shellScript = "\"${PODS_ROOT}/Target Support Files/Pods-PictureInPictureDemo-PictureInPictureDemoUITests/Pods-PictureInPictureDemo-PictureInPictureDemoUITests-resources.sh\"\n";
			showEnvVarsInLog = 0;
		};
		E44539E8006654837E05C6E8 /* [CP] Copy Pods Resources */ = {
			isa = PBXShellScriptBuildPhase;
			buildActionMask = 2147483647;
			files = (
			);
			inputFileListPaths = (
				"${PODS_ROOT}/Target Support Files/Pods-PictureInPictureDemo/Pods-PictureInPictureDemo-resources-${CONFIGURATION}-input-files.xcfilelist",
			);
			name = "[CP] Copy Pods Resources";
			outputFileListPaths = (
				"${PODS_ROOT}/Target Support Files/Pods-PictureInPictureDemo/Pods-PictureInPictureDemo-resources-${CONFIGURATION}-output-files.xcfilelist",
			);
			runOnlyForDeploymentPostprocessing = 0;
			shellPath = /bin/sh;
			shellScript = "\"${PODS_ROOT}/Target Support Files/Pods-PictureInPictureDemo/Pods-PictureInPictureDemo-resources.sh\"\n";
			showEnvVarsInLog = 0;
		};
/* End PBXShellScriptBuildPhase section */

/* Begin PBXSourcesBuildPhase section */
		5797039827DB2360000BB94A /* Sources */ = {
			isa = PBXSourcesBuildPhase;
			buildActionMask = 2147483647;
			files = (
				579703A727DB2360000BB94A /* ViewController.m in Sources */,
				579703A127DB2360000BB94A /* AppDelegate.m in Sources */,
				579703B227DB2362000BB94A /* main.m in Sources */,
				579703D827DB28CB000BB94A /* NSData+FE.m in Sources */,
				57ACFB8F27DF0A030024A564 /* PipManager.m in Sources */,
				579703A427DB2360000BB94A /* SceneDelegate.m in Sources */,
				579703DC27DB392E000BB94A /* PlayViewController.m in Sources */,
				579703E027DB394E000BB94A /* SoureModel.m in Sources */,
				57ACFB9527DF29230024A564 /* KeepAwakManager.m in Sources */,
				57ACFB9227DF25090024A564 /* WebServerManager.m in Sources */,
			);
			runOnlyForDeploymentPostprocessing = 0;
		};
		579703B327DB2363000BB94A /* Sources */ = {
			isa = PBXSourcesBuildPhase;
			buildActionMask = 2147483647;
			files = (
				579703BC27DB2363000BB94A /* PictureInPictureDemoTests.m in Sources */,
			);
			runOnlyForDeploymentPostprocessing = 0;
		};
		579703BD27DB2363000BB94A /* Sources */ = {
			isa = PBXSourcesBuildPhase;
			buildActionMask = 2147483647;
			files = (
				579703C827DB2363000BB94A /* PictureInPictureDemoUITestsLaunchTests.m in Sources */,
				579703C627DB2363000BB94A /* PictureInPictureDemoUITests.m in Sources */,
			);
			runOnlyForDeploymentPostprocessing = 0;
		};
/* End PBXSourcesBuildPhase section */

/* Begin PBXTargetDependency section */
		579703B927DB2363000BB94A /* PBXTargetDependency */ = {
			isa = PBXTargetDependency;
			target = 5797039B27DB2360000BB94A /* PictureInPictureDemo */;
			targetProxy = 579703B827DB2363000BB94A /* PBXContainerItemProxy */;
		};
		579703C327DB2363000BB94A /* PBXTargetDependency */ = {
			isa = PBXTargetDependency;
			target = 5797039B27DB2360000BB94A /* PictureInPictureDemo */;
			targetProxy = 579703C227DB2363000BB94A /* PBXContainerItemProxy */;
		};
/* End PBXTargetDependency section */

/* Begin PBXVariantGroup section */
		579703A827DB2360000BB94A /* Main.storyboard */ = {
			isa = PBXVariantGroup;
			children = (
				579703A927DB2360000BB94A /* Base */,
			);
			name = Main.storyboard;
			sourceTree = "<group>";
		};
		579703AD27DB2362000BB94A /* LaunchScreen.storyboard */ = {
			isa = PBXVariantGroup;
			children = (
				579703AE27DB2362000BB94A /* Base */,
			);
			name = LaunchScreen.storyboard;
			sourceTree = "<group>";
		};
/* End PBXVariantGroup section */

/* Begin XCBuildConfiguration section */
		579703C927DB2363000BB94A /* Debug */ = {
			isa = XCBuildConfiguration;
			buildSettings = {
				ALWAYS_SEARCH_USER_PATHS = NO;
				CLANG_ANALYZER_NONNULL = YES;
				CLANG_ANALYZER_NUMBER_OBJECT_CONVERSION = YES_AGGRESSIVE;
				CLANG_CXX_LANGUAGE_STANDARD = "gnu++17";
				CLANG_CXX_LIBRARY = "libc++";
				CLANG_ENABLE_MODULES = YES;
				CLANG_ENABLE_OBJC_ARC = YES;
				CLANG_ENABLE_OBJC_WEAK = YES;
				CLANG_WARN_BLOCK_CAPTURE_AUTORELEASING = YES;
				CLANG_WARN_BOOL_CONVERSION = YES;
				CLANG_WARN_COMMA = YES;
				CLANG_WARN_CONSTANT_CONVERSION = YES;
				CLANG_WARN_DEPRECATED_OBJC_IMPLEMENTATIONS = YES;
				CLANG_WARN_DIRECT_OBJC_ISA_USAGE = YES_ERROR;
				CLANG_WARN_DOCUMENTATION_COMMENTS = YES;
				CLANG_WARN_EMPTY_BODY = YES;
				CLANG_WARN_ENUM_CONVERSION = YES;
				CLANG_WARN_INFINITE_RECURSION = YES;
				CLANG_WARN_INT_CONVERSION = YES;
				CLANG_WARN_NON_LITERAL_NULL_CONVERSION = YES;
				CLANG_WARN_OBJC_IMPLICIT_RETAIN_SELF = YES;
				CLANG_WARN_OBJC_LITERAL_CONVERSION = YES;
				CLANG_WARN_OBJC_ROOT_CLASS = YES_ERROR;
				CLANG_WARN_QUOTED_INCLUDE_IN_FRAMEWORK_HEADER = YES;
				CLANG_WARN_RANGE_LOOP_ANALYSIS = YES;
				CLANG_WARN_STRICT_PROTOTYPES = YES;
				CLANG_WARN_SUSPICIOUS_MOVE = YES;
				CLANG_WARN_UNGUARDED_AVAILABILITY = YES_AGGRESSIVE;
				CLANG_WARN_UNREACHABLE_CODE = YES;
				CLANG_WARN__DUPLICATE_METHOD_MATCH = YES;
				COPY_PHASE_STRIP = NO;
				DEBUG_INFORMATION_FORMAT = dwarf;
				ENABLE_STRICT_OBJC_MSGSEND = YES;
				ENABLE_TESTABILITY = YES;
				GCC_C_LANGUAGE_STANDARD = gnu11;
				GCC_DYNAMIC_NO_PIC = NO;
				GCC_NO_COMMON_BLOCKS = YES;
				GCC_OPTIMIZATION_LEVEL = 0;
				GCC_PREPROCESSOR_DEFINITIONS = (
					"DEBUG=1",
					"$(inherited)",
				);
				GCC_WARN_64_TO_32_BIT_CONVERSION = YES;
				GCC_WARN_ABOUT_RETURN_TYPE = YES_ERROR;
				GCC_WARN_UNDECLARED_SELECTOR = YES;
				GCC_WARN_UNINITIALIZED_AUTOS = YES_AGGRESSIVE;
				GCC_WARN_UNUSED_FUNCTION = YES;
				GCC_WARN_UNUSED_VARIABLE = YES;
				IPHONEOS_DEPLOYMENT_TARGET = 15.2;
				MTL_ENABLE_DEBUG_INFO = INCLUDE_SOURCE;
				MTL_FAST_MATH = YES;
				ONLY_ACTIVE_ARCH = YES;
				SDKROOT = iphoneos;
			};
			name = Debug;
		};
		579703CA27DB2363000BB94A /* Release */ = {
			isa = XCBuildConfiguration;
			buildSettings = {
				ALWAYS_SEARCH_USER_PATHS = NO;
				CLANG_ANALYZER_NONNULL = YES;
				CLANG_ANALYZER_NUMBER_OBJECT_CONVERSION = YES_AGGRESSIVE;
				CLANG_CXX_LANGUAGE_STANDARD = "gnu++17";
				CLANG_CXX_LIBRARY = "libc++";
				CLANG_ENABLE_MODULES = YES;
				CLANG_ENABLE_OBJC_ARC = YES;
				CLANG_ENABLE_OBJC_WEAK = YES;
				CLANG_WARN_BLOCK_CAPTURE_AUTORELEASING = YES;
				CLANG_WARN_BOOL_CONVERSION = YES;
				CLANG_WARN_COMMA = YES;
				CLANG_WARN_CONSTANT_CONVERSION = YES;
				CLANG_WARN_DEPRECATED_OBJC_IMPLEMENTATIONS = YES;
				CLANG_WARN_DIRECT_OBJC_ISA_USAGE = YES_ERROR;
				CLANG_WARN_DOCUMENTATION_COMMENTS = YES;
				CLANG_WARN_EMPTY_BODY = YES;
				CLANG_WARN_ENUM_CONVERSION = YES;
				CLANG_WARN_INFINITE_RECURSION = YES;
				CLANG_WARN_INT_CONVERSION = YES;
				CLANG_WARN_NON_LITERAL_NULL_CONVERSION = YES;
				CLANG_WARN_OBJC_IMPLICIT_RETAIN_SELF = YES;
				CLANG_WARN_OBJC_LITERAL_CONVERSION = YES;
				CLANG_WARN_OBJC_ROOT_CLASS = YES_ERROR;
				CLANG_WARN_QUOTED_INCLUDE_IN_FRAMEWORK_HEADER = YES;
				CLANG_WARN_RANGE_LOOP_ANALYSIS = YES;
				CLANG_WARN_STRICT_PROTOTYPES = YES;
				CLANG_WARN_SUSPICIOUS_MOVE = YES;
				CLANG_WARN_UNGUARDED_AVAILABILITY = YES_AGGRESSIVE;
				CLANG_WARN_UNREACHABLE_CODE = YES;
				CLANG_WARN__DUPLICATE_METHOD_MATCH = YES;
				COPY_PHASE_STRIP = NO;
				DEBUG_INFORMATION_FORMAT = "dwarf-with-dsym";
				ENABLE_NS_ASSERTIONS = NO;
				ENABLE_STRICT_OBJC_MSGSEND = YES;
				GCC_C_LANGUAGE_STANDARD = gnu11;
				GCC_NO_COMMON_BLOCKS = YES;
				GCC_WARN_64_TO_32_BIT_CONVERSION = YES;
				GCC_WARN_ABOUT_RETURN_TYPE = YES_ERROR;
				GCC_WARN_UNDECLARED_SELECTOR = YES;
				GCC_WARN_UNINITIALIZED_AUTOS = YES_AGGRESSIVE;
				GCC_WARN_UNUSED_FUNCTION = YES;
				GCC_WARN_UNUSED_VARIABLE = YES;
				IPHONEOS_DEPLOYMENT_TARGET = 15.2;
				MTL_ENABLE_DEBUG_INFO = NO;
				MTL_FAST_MATH = YES;
				SDKROOT = iphoneos;
				VALIDATE_PRODUCT = YES;
			};
			name = Release;
		};
		579703CC27DB2363000BB94A /* Debug */ = {
			isa = XCBuildConfiguration;
			baseConfigurationReference = 3B902D7892B73A72A0C08087 /* Pods-PictureInPictureDemo.debug.xcconfig */;
			buildSettings = {
				ASSETCATALOG_COMPILER_APPICON_NAME = AppIcon;
				ASSETCATALOG_COMPILER_GLOBAL_ACCENT_COLOR_NAME = AccentColor;
				CODE_SIGN_STYLE = Automatic;
				CURRENT_PROJECT_VERSION = 1;
				DEVELOPMENT_TEAM = 5TRBG5SC4U;
				GENERATE_INFOPLIST_FILE = YES;
				INFOPLIST_FILE = PictureInPictureDemo/Info.plist;
				INFOPLIST_KEY_UIApplicationSupportsIndirectInputEvents = YES;
				INFOPLIST_KEY_UILaunchStoryboardName = LaunchScreen;
				INFOPLIST_KEY_UIMainStoryboardFile = Main;
				INFOPLIST_KEY_UISupportedInterfaceOrientations_iPad = "UIInterfaceOrientationPortrait UIInterfaceOrientationPortraitUpsideDown UIInterfaceOrientationLandscapeLeft UIInterfaceOrientationLandscapeRight";
				INFOPLIST_KEY_UISupportedInterfaceOrientations_iPhone = "UIInterfaceOrientationPortrait UIInterfaceOrientationLandscapeLeft UIInterfaceOrientationLandscapeRight";
				IPHONEOS_DEPLOYMENT_TARGET = 13.0;
				LD_RUNPATH_SEARCH_PATHS = (
					"$(inherited)",
					"@executable_path/Frameworks",
				);
				MARKETING_VERSION = 1.0;
				PRODUCT_BUNDLE_IDENTIFIER = test.eye.PictureInPictureDemo;
				PRODUCT_NAME = "$(TARGET_NAME)";
				SWIFT_EMIT_LOC_STRINGS = YES;
				TARGETED_DEVICE_FAMILY = "1,2";
			};
			name = Debug;
		};
		579703CD27DB2363000BB94A /* Release */ = {
			isa = XCBuildConfiguration;
			baseConfigurationReference = 8964CD442D5D4DDB7D96CF57 /* Pods-PictureInPictureDemo.release.xcconfig */;
			buildSettings = {
				ASSETCATALOG_COMPILER_APPICON_NAME = AppIcon;
				ASSETCATALOG_COMPILER_GLOBAL_ACCENT_COLOR_NAME = AccentColor;
				CODE_SIGN_STYLE = Automatic;
				CURRENT_PROJECT_VERSION = 1;
				DEVELOPMENT_TEAM = 5TRBG5SC4U;
				GENERATE_INFOPLIST_FILE = YES;
				INFOPLIST_FILE = PictureInPictureDemo/Info.plist;
				INFOPLIST_KEY_UIApplicationSupportsIndirectInputEvents = YES;
				INFOPLIST_KEY_UILaunchStoryboardName = LaunchScreen;
				INFOPLIST_KEY_UIMainStoryboardFile = Main;
				INFOPLIST_KEY_UISupportedInterfaceOrientations_iPad = "UIInterfaceOrientationPortrait UIInterfaceOrientationPortraitUpsideDown UIInterfaceOrientationLandscapeLeft UIInterfaceOrientationLandscapeRight";
				INFOPLIST_KEY_UISupportedInterfaceOrientations_iPhone = "UIInterfaceOrientationPortrait UIInterfaceOrientationLandscapeLeft UIInterfaceOrientationLandscapeRight";
				IPHONEOS_DEPLOYMENT_TARGET = 13.0;
				LD_RUNPATH_SEARCH_PATHS = (
					"$(inherited)",
					"@executable_path/Frameworks",
				);
				MARKETING_VERSION = 1.0;
				PRODUCT_BUNDLE_IDENTIFIER = test.eye.PictureInPictureDemo;
				PRODUCT_NAME = "$(TARGET_NAME)";
				SWIFT_EMIT_LOC_STRINGS = YES;
				TARGETED_DEVICE_FAMILY = "1,2";
			};
			name = Release;
		};
		579703CF27DB2363000BB94A /* Debug */ = {
			isa = XCBuildConfiguration;
			baseConfigurationReference = CD8EEEE139851C9885DE71A2 /* Pods-PictureInPictureDemoTests.debug.xcconfig */;
			buildSettings = {
				BUNDLE_LOADER = "$(TEST_HOST)";
				CODE_SIGN_STYLE = Automatic;
				CURRENT_PROJECT_VERSION = 1;
				GENERATE_INFOPLIST_FILE = YES;
				IPHONEOS_DEPLOYMENT_TARGET = 15.2;
				MARKETING_VERSION = 1.0;
				PRODUCT_BUNDLE_IDENTIFIER = test.eye.PictureInPictureDemoTests;
				PRODUCT_NAME = "$(TARGET_NAME)";
				SWIFT_EMIT_LOC_STRINGS = NO;
				TARGETED_DEVICE_FAMILY = "1,2";
				TEST_HOST = "$(BUILT_PRODUCTS_DIR)/PictureInPictureDemo.app/PictureInPictureDemo";
			};
			name = Debug;
		};
		579703D027DB2363000BB94A /* Release */ = {
			isa = XCBuildConfiguration;
			baseConfigurationReference = 7925E271D27CE401F022FD90 /* Pods-PictureInPictureDemoTests.release.xcconfig */;
			buildSettings = {
				BUNDLE_LOADER = "$(TEST_HOST)";
				CODE_SIGN_STYLE = Automatic;
				CURRENT_PROJECT_VERSION = 1;
				GENERATE_INFOPLIST_FILE = YES;
				IPHONEOS_DEPLOYMENT_TARGET = 15.2;
				MARKETING_VERSION = 1.0;
				PRODUCT_BUNDLE_IDENTIFIER = test.eye.PictureInPictureDemoTests;
				PRODUCT_NAME = "$(TARGET_NAME)";
				SWIFT_EMIT_LOC_STRINGS = NO;
				TARGETED_DEVICE_FAMILY = "1,2";
				TEST_HOST = "$(BUILT_PRODUCTS_DIR)/PictureInPictureDemo.app/PictureInPictureDemo";
			};
			name = Release;
		};
		579703D227DB2363000BB94A /* Debug */ = {
			isa = XCBuildConfiguration;
			baseConfigurationReference = 6719C650219BB04145D1A72B /* Pods-PictureInPictureDemo-PictureInPictureDemoUITests.debug.xcconfig */;
			buildSettings = {
				CODE_SIGN_STYLE = Automatic;
				CURRENT_PROJECT_VERSION = 1;
				GENERATE_INFOPLIST_FILE = YES;
				MARKETING_VERSION = 1.0;
				PRODUCT_BUNDLE_IDENTIFIER = test.eye.PictureInPictureDemoUITests;
				PRODUCT_NAME = "$(TARGET_NAME)";
				SWIFT_EMIT_LOC_STRINGS = NO;
				TARGETED_DEVICE_FAMILY = "1,2";
				TEST_TARGET_NAME = PictureInPictureDemo;
			};
			name = Debug;
		};
		579703D327DB2363000BB94A /* Release */ = {
			isa = XCBuildConfiguration;
			baseConfigurationReference = 32AF52C43567A0CA5E042AE2 /* Pods-PictureInPictureDemo-PictureInPictureDemoUITests.release.xcconfig */;
			buildSettings = {
				CODE_SIGN_STYLE = Automatic;
				CURRENT_PROJECT_VERSION = 1;
				GENERATE_INFOPLIST_FILE = YES;
				MARKETING_VERSION = 1.0;
				PRODUCT_BUNDLE_IDENTIFIER = test.eye.PictureInPictureDemoUITests;
				PRODUCT_NAME = "$(TARGET_NAME)";
				SWIFT_EMIT_LOC_STRINGS = NO;
				TARGETED_DEVICE_FAMILY = "1,2";
				TEST_TARGET_NAME = PictureInPictureDemo;
			};
			name = Release;
		};
/* End XCBuildConfiguration section */

/* Begin XCConfigurationList section */
		5797039727DB2360000BB94A /* Build configuration list for PBXProject "PictureInPictureDemo" */ = {
			isa = XCConfigurationList;
			buildConfigurations = (
				579703C927DB2363000BB94A /* Debug */,
				579703CA27DB2363000BB94A /* Release */,
			);
			defaultConfigurationIsVisible = 0;
			defaultConfigurationName = Release;
		};
		579703CB27DB2363000BB94A /* Build configuration list for PBXNativeTarget "PictureInPictureDemo" */ = {
			isa = XCConfigurationList;
			buildConfigurations = (
				579703CC27DB2363000BB94A /* Debug */,
				579703CD27DB2363000BB94A /* Release */,
			);
			defaultConfigurationIsVisible = 0;
			defaultConfigurationName = Release;
		};
		579703CE27DB2363000BB94A /* Build configuration list for PBXNativeTarget "PictureInPictureDemoTests" */ = {
			isa = XCConfigurationList;
			buildConfigurations = (
				579703CF27DB2363000BB94A /* Debug */,
				579703D027DB2363000BB94A /* Release */,
			);
			defaultConfigurationIsVisible = 0;
			defaultConfigurationName = Release;
		};
		579703D127DB2363000BB94A /* Build configuration list for PBXNativeTarget "PictureInPictureDemoUITests" */ = {
			isa = XCConfigurationList;
			buildConfigurations = (
				579703D227DB2363000BB94A /* Debug */,
				579703D327DB2363000BB94A /* Release */,
			);
			defaultConfigurationIsVisible = 0;
			defaultConfigurationName = Release;
		};
/* End XCConfigurationList section */
	};
	rootObject = 5797039427DB2360000BB94A /* Project object */;
}
